Microsoft Visual Studio Solution File, Format Version 12.00
# Visual Studio Version 17
VisualStudioVersion = 17.5.2.0
MinimumVisualStudioVersion = 10.0.40219.1
Project("{FAE04EC0-301F-11D3-BF4B-00C04F79EFBC}") = "Arbol_binario", "Arbol_binario.csproj", "{5AD57672-B245-A6E9-7836-1691154BA949}"
EndProject
Global
	GlobalSection(SolutionConfigurationPlatforms) = preSolution
		Debug|Any CPU = Debug|Any CPU
		Release|Any CPU = Release|Any CPU
	EndGlobalSection
	GlobalSection(ProjectConfigurationPlatforms) = postSolution
		{5AD57672-B245-A6E9-7836-1691154BA949}.Debug|Any CPU.ActiveCfg = Debug|Any CPU
		{5AD57672-B245-A6E9-7836-1691154BA949}.Debug|Any CPU.Build.0 = Debug|Any CPU
		{5AD57672-B245-A6E9-7836-1691154BA949}.Release|Any CPU.ActiveCfg = Release|Any CPU
		{5AD57672-B245-A6E9-7836-1691154BA949}.Release|Any CPU.Build.0 = Release|Any CPU
	EndGlobalSection
	GlobalSection(SolutionProperties) = preSolution
		HideSolutionNode = FALSE
	EndGlobalSection
	GlobalSection(ExtensibilityGlobals) = postSolution
		SolutionGuid = {774CE51B-92A1-4B7E-918D-BCD0FF0A1BF9}
	EndGlobalSection
EndGlobal
