Microsoft Visual Studio Solution File, Format Version 12.00
# Visual Studio Version 17
VisualStudioVersion = 17.5.2.0
MinimumVisualStudioVersion = 10.0.40219.1
Project("{FAE04EC0-301F-11D3-BF4B-00C04F79EFBC}") = "semana6_ejercicio2", "semana6_ejercicio2.csproj", "{F38519D0-4D94-8A7C-3635-1FADAE651726}"
EndProject
Global
	GlobalSection(SolutionConfigurationPlatforms) = preSolution
		Debug|Any CPU = Debug|Any CPU
		Release|Any CPU = Release|Any CPU
	EndGlobalSection
	GlobalSection(ProjectConfigurationPlatforms) = postSolution
		{F38519D0-4D94-8A7C-3635-1FADAE651726}.Debug|Any CPU.ActiveCfg = Debug|Any CPU
		{F38519D0-4D94-8A7C-3635-1FADAE651726}.Debug|Any CPU.Build.0 = Debug|Any CPU
		{F38519D0-4D94-8A7C-3635-1FADAE651726}.Release|Any CPU.ActiveCfg = Release|Any CPU
		{F38519D0-4D94-8A7C-3635-1FADAE651726}.Release|Any CPU.Build.0 = Release|Any CPU
	EndGlobalSection
	GlobalSection(SolutionProperties) = preSolution
		HideSolutionNode = FALSE
	EndGlobalSection
	GlobalSection(ExtensibilityGlobals) = postSolution
		SolutionGuid = {7FE310BF-FDAC-4FBA-BD4E-CD5C2D036820}
	EndGlobalSection
EndGlobal
